
Microsoft Visual Studio Solution File, Format Version 12.00
# Visual Studio Version 17
VisualStudioVersion = 17.4.33213.308
MinimumVisualStudioVersion = 10.0.40219.1
Project("{FAE04EC0-301F-11D3-BF4B-00C04F79EFBC}") = "GraphQlProject", "GraphQlProject\GraphQlProject.csproj", "{12F270F7-FB1F-4B20-BA00-9A116FC7504F}"
EndProject
Global
	GlobalSection(SolutionConfigurationPlatforms) = preSolution
		Debug|Any CPU = Debug|Any CPU
		Release|Any CPU = Release|Any CPU
	EndGlobalSection
	GlobalSection(ProjectConfigurationPlatforms) = postSolution
		{12F270F7-FB1F-4B20-BA00-9A116FC7504F}.Debug|Any CPU.ActiveCfg = Debug|Any CPU
		{12F270F7-FB1F-4B20-BA00-9A116FC7504F}.Debug|Any CPU.Build.0 = Debug|Any CPU
		{12F270F7-FB1F-4B20-BA00-9A116FC7504F}.Release|Any CPU.ActiveCfg = Release|Any CPU
		{12F270F7-FB1F-4B20-BA00-9A116FC7504F}.Release|Any CPU.Build.0 = Release|Any CPU
	EndGlobalSection
	GlobalSection(SolutionProperties) = preSolution
		HideSolutionNode = FALSE
	EndGlobalSection
	GlobalSection(ExtensibilityGlobals) = postSolution
		SolutionGuid = {0E4DA3FE-E35E-4F89-AB8F-D057B95C6C2B}
	EndGlobalSection
EndGlobal
